{
  "name": "website",
  "lockfileVersion": 2,
  "requires": true,
  "packages": {
    "": {
      "dependencies": {
        "fullpage.js": "^4.0.19"
      }
    },
    "node_modules/fullpage.js": {
      "version": "4.0.19",
      "resolved": "https://registry.npmjs.org/fullpage.js/-/fullpage.js-4.0.19.tgz",
      "integrity": "sha512-iDbxKEU4mpeoYJzsW+P0B+EK7586mNpBjES01U/QWh5FbDY8r1EqZPrGPciZVZHdJoz6zUze5q/PGOc4SQoqow=="
    }
  },
  "dependencies": {
    "fullpage.js": {
      "version": "4.0.19",
      "resolved": "https://registry.npmjs.org/fullpage.js/-/fullpage.js-4.0.19.tgz",
      "integrity": "sha512-iDbxKEU4mpeoYJzsW+P0B+EK7586mNpBjES01U/QWh5FbDY8r1EqZPrGPciZVZHdJoz6zUze5q/PGOc4SQoqow=="
    }
  }
}
